// !$*UTF8*$!
{
	archiveVersion = 1;
	classes = {
	};
	objectVersion = 50;
	objects = {

/* Begin PBXBuildFile section */
		E94F827F244509BF00AF2F34 /* AppDelegate.swift in Sources */ = {isa = PBXBuildFile; fileRef = E94F827E244509BF00AF2F34 /* AppDelegate.swift */; };
		E94F8281244509BF00AF2F34 /* SceneDelegate.swift in Sources */ = {isa = PBXBuildFile; fileRef = E94F8280244509BF00AF2F34 /* SceneDelegate.swift */; };
		E94F8284244509BF00AF2F34 /* SortMyGroceries.xcdatamodeld in Sources */ = {isa = PBXBuildFile; fileRef = E94F8282244509BF00AF2F34 /* SortMyGroceries.xcdatamodeld */; };
		E94F8286244509BF00AF2F34 /* ContentView.swift in Sources */ = {isa = PBXBuildFile; fileRef = E94F8285244509BF00AF2F34 /* ContentView.swift */; };
		E94F8288244509C100AF2F34 /* Assets.xcassets in Resources */ = {isa = PBXBuildFile; fileRef = E94F8287244509C100AF2F34 /* Assets.xcassets */; };
		E94F828B244509C100AF2F34 /* Preview Assets.xcassets in Resources */ = {isa = PBXBuildFile; fileRef = E94F828A244509C100AF2F34 /* Preview Assets.xcassets */; };
		E94F828E244509C100AF2F34 /* LaunchScreen.storyboard in Resources */ = {isa = PBXBuildFile; fileRef = E94F828C244509C100AF2F34 /* LaunchScreen.storyboard */; };
		E94F829624450A3B00AF2F34 /* ListOfListsView.swift in Sources */ = {isa = PBXBuildFile; fileRef = E94F829524450A3B00AF2F34 /* ListOfListsView.swift */; };
		E94F829A24450A9200AF2F34 /* GroceryList.swift in Sources */ = {isa = PBXBuildFile; fileRef = E94F829924450A9200AF2F34 /* GroceryList.swift */; };
		E94F829C24450A9600AF2F34 /* GroceryItem.swift in Sources */ = {isa = PBXBuildFile; fileRef = E94F829B24450A9600AF2F34 /* GroceryItem.swift */; };
		E94F829E24450CEC00AF2F34 /* ListView.swift in Sources */ = {isa = PBXBuildFile; fileRef = E94F829D24450CEC00AF2F34 /* ListView.swift */; };
		E98D60B32445130B00A9DB55 /* NewItemView.swift in Sources */ = {isa = PBXBuildFile; fileRef = E98D60B22445130B00A9DB55 /* NewItemView.swift */; };
		E9F04F04244A52E700CA5C0D /* NewListView.swift in Sources */ = {isa = PBXBuildFile; fileRef = E9F04F03244A52E700CA5C0D /* NewListView.swift */; };
/* End PBXBuildFile section */

/* Begin PBXFileReference section */
		E94F827B244509BF00AF2F34 /* SortMyGroceries.app */ = {isa = PBXFileReference; explicitFileType = wrapper.application; includeInIndex = 0; path = SortMyGroceries.app; sourceTree = BUILT_PRODUCTS_DIR; };
		E94F827E244509BF00AF2F34 /* AppDelegate.swift */ = {isa = PBXFileReference; lastKnownFileType = sourcecode.swift; path = AppDelegate.swift; sourceTree = "<group>"; };
		E94F8280244509BF00AF2F34 /* SceneDelegate.swift */ = {isa = PBXFileReference; lastKnownFileType = sourcecode.swift; path = SceneDelegate.swift; sourceTree = "<group>"; };
		E94F8283244509BF00AF2F34 /* SortMyGroceries.xcdatamodel */ = {isa = PBXFileReference; lastKnownFileType = wrapper.xcdatamodel; path = SortMyGroceries.xcdatamodel; sourceTree = "<group>"; };
		E94F8285244509BF00AF2F34 /* ContentView.swift */ = {isa = PBXFileReference; lastKnownFileType = sourcecode.swift; path = ContentView.swift; sourceTree = "<group>"; };
		E94F8287244509C100AF2F34 /* Assets.xcassets */ = {isa = PBXFileReference; lastKnownFileType = folder.assetcatalog; path = Assets.xcassets; sourceTree = "<group>"; };
		E94F828A244509C100AF2F34 /* Preview Assets.xcassets */ = {isa = PBXFileReference; lastKnownFileType = folder.assetcatalog; path = "Preview Assets.xcassets"; sourceTree = "<group>"; };
		E94F828D244509C100AF2F34 /* Base */ = {isa = PBXFileReference; lastKnownFileType = file.storyboard; name = Base; path = Base.lproj/LaunchScreen.storyboard; sourceTree = "<group>"; };
		E94F828F244509C100AF2F34 /* Info.plist */ = {isa = PBXFileReference; lastKnownFileType = text.plist.xml; path = Info.plist; sourceTree = "<group>"; };
		E94F829524450A3B00AF2F34 /* ListOfListsView.swift */ = {isa = PBXFileReference; lastKnownFileType = sourcecode.swift; path = ListOfListsView.swift; sourceTree = "<group>"; };
		E94F829924450A9200AF2F34 /* GroceryList.swift */ = {isa = PBXFileReference; lastKnownFileType = sourcecode.swift; path = GroceryList.swift; sourceTree = "<group>"; };
		E94F829B24450A9600AF2F34 /* GroceryItem.swift */ = {isa = PBXFileReference; lastKnownFileType = sourcecode.swift; path = GroceryItem.swift; sourceTree = "<group>"; };
		E94F829D24450CEC00AF2F34 /* ListView.swift */ = {isa = PBXFileReference; lastKnownFileType = sourcecode.swift; path = ListView.swift; sourceTree = "<group>"; };
		E98D60B22445130B00A9DB55 /* NewItemView.swift */ = {isa = PBXFileReference; lastKnownFileType = sourcecode.swift; path = NewItemView.swift; sourceTree = "<group>"; };
		E9F04F03244A52E700CA5C0D /* NewListView.swift */ = {isa = PBXFileReference; lastKnownFileType = sourcecode.swift; path = NewListView.swift; sourceTree = "<group>"; };
/* End PBXFileReference section */

/* Begin PBXFrameworksBuildPhase section */
		E94F8278244509BF00AF2F34 /* Frameworks */ = {
			isa = PBXFrameworksBuildPhase;
			buildActionMask = 2147483647;
			files = (
			);
			runOnlyForDeploymentPostprocessing = 0;
		};
/* End PBXFrameworksBuildPhase section */

/* Begin PBXGroup section */
		E94F8272244509BF00AF2F34 = {
			isa = PBXGroup;
			children = (
				E94F827D244509BF00AF2F34 /* SortMyGroceries */,
				E94F827C244509BF00AF2F34 /* Products */,
			);
			sourceTree = "<group>";
		};
		E94F827C244509BF00AF2F34 /* Products */ = {
			isa = PBXGroup;
			children = (
				E94F827B244509BF00AF2F34 /* SortMyGroceries.app */,
			);
			name = Products;
			sourceTree = "<group>";
		};
		E94F827D244509BF00AF2F34 /* SortMyGroceries */ = {
			isa = PBXGroup;
			children = (
				E94F829824450A7E00AF2F34 /* Views */,
				E94F829724450A7700AF2F34 /* Models */,
				E94F827E244509BF00AF2F34 /* AppDelegate.swift */,
				E94F8280244509BF00AF2F34 /* SceneDelegate.swift */,
				E94F8287244509C100AF2F34 /* Assets.xcassets */,
				E94F828C244509C100AF2F34 /* LaunchScreen.storyboard */,
				E94F828F244509C100AF2F34 /* Info.plist */,
				E94F8282244509BF00AF2F34 /* SortMyGroceries.xcdatamodeld */,
				E94F8289244509C100AF2F34 /* Preview Content */,
			);
			path = SortMyGroceries;
			sourceTree = "<group>";
		};
		E94F8289244509C100AF2F34 /* Preview Content */ = {
			isa = PBXGroup;
			children = (
				E94F828A244509C100AF2F34 /* Preview Assets.xcassets */,
			);
			path = "Preview Content";
			sourceTree = "<group>";
		};
		E94F829724450A7700AF2F34 /* Models */ = {
			isa = PBXGroup;
			children = (
				E94F829924450A9200AF2F34 /* GroceryList.swift */,
				E94F829B24450A9600AF2F34 /* GroceryItem.swift */,
			);
			path = Models;
			sourceTree = "<group>";
		};
		E94F829824450A7E00AF2F34 /* Views */ = {
			isa = PBXGroup;
			children = (
				E94F829524450A3B00AF2F34 /* ListOfListsView.swift */,
				E94F829D24450CEC00AF2F34 /* ListView.swift */,
				E98D60B22445130B00A9DB55 /* NewItemView.swift */,
				E9F04F03244A52E700CA5C0D /* NewListView.swift */,
				E94F8285244509BF00AF2F34 /* ContentView.swift */,
			);
			path = Views;
			sourceTree = "<group>";
		};
/* End PBXGroup section */

/* Begin PBXNativeTarget section */
		E94F827A244509BF00AF2F34 /* SortMyGroceries */ = {
			isa = PBXNativeTarget;
			buildConfigurationList = E94F8292244509C100AF2F34 /* Build configuration list for PBXNativeTarget "SortMyGroceries" */;
			buildPhases = (
				E94F8277244509BF00AF2F34 /* Sources */,
				E94F8278244509BF00AF2F34 /* Frameworks */,
				E94F8279244509BF00AF2F34 /* Resources */,
			);
			buildRules = (
			);
			dependencies = (
			);
			name = SortMyGroceries;
			productName = SortMyGroceries;
			productReference = E94F827B244509BF00AF2F34 /* SortMyGroceries.app */;
			productType = "com.apple.product-type.application";
		};
/* End PBXNativeTarget section */

/* Begin PBXProject section */
		E94F8273244509BF00AF2F34 /* Project object */ = {
			isa = PBXProject;
			attributes = {
				LastSwiftUpdateCheck = 1140;
				LastUpgradeCheck = 1140;
				ORGANIZATIONNAME = "Thomas Smith";
				TargetAttributes = {
					E94F827A244509BF00AF2F34 = {
						CreatedOnToolsVersion = 11.4;
					};
				};
			};
			buildConfigurationList = E94F8276244509BF00AF2F34 /* Build configuration list for PBXProject "SortMyGroceries" */;
			compatibilityVersion = "Xcode 9.3";
			developmentRegion = en;
			hasScannedForEncodings = 0;
			knownRegions = (
				en,
				Base,
			);
			mainGroup = E94F8272244509BF00AF2F34;
			productRefGroup = E94F827C244509BF00AF2F34 /* Products */;
			projectDirPath = "";
			projectRoot = "";
			targets = (
				E94F827A244509BF00AF2F34 /* SortMyGroceries */,
			);
		};
/* End PBXProject section */

/* Begin PBXResourcesBuildPhase section */
		E94F8279244509BF00AF2F34 /* Resources */ = {
			isa = PBXResourcesBuildPhase;
			buildActionMask = 2147483647;
			files = (
				E94F828E244509C100AF2F34 /* LaunchScreen.storyboard in Resources */,
				E94F828B244509C100AF2F34 /* Preview Assets.xcassets in Resources */,
				E94F8288244509C100AF2F34 /* Assets.xcassets in Resources */,
			);
			runOnlyForDeploymentPostprocessing = 0;
		};
/* End PBXResourcesBuildPhase section */

/* Begin PBXSourcesBuildPhase section */
		E94F8277244509BF00AF2F34 /* Sources */ = {
			isa = PBXSourcesBuildPhase;
			buildActionMask = 2147483647;
			files = (
				E98D60B32445130B00A9DB55 /* NewItemView.swift in Sources */,
				E94F829E24450CEC00AF2F34 /* ListView.swift in Sources */,
				E94F827F244509BF00AF2F34 /* AppDelegate.swift in Sources */,
				E94F8284244509BF00AF2F34 /* SortMyGroceries.xcdatamodeld in Sources */,
				E94F8286244509BF00AF2F34 /* ContentView.swift in Sources */,
				E94F8281244509BF00AF2F34 /* SceneDelegate.swift in Sources */,
				E94F829C24450A9600AF2F34 /* GroceryItem.swift in Sources */,
				E94F829624450A3B00AF2F34 /* ListOfListsView.swift in Sources */,
				E94F829A24450A9200AF2F34 /* GroceryList.swift in Sources */,
				E9F04F04244A52E700CA5C0D /* NewListView.swift in Sources */,
			);
			runOnlyForDeploymentPostprocessing = 0;
		};
/* End PBXSourcesBuildPhase section */

/* Begin PBXVariantGroup section */
		E94F828C244509C100AF2F34 /* LaunchScreen.storyboard */ = {
			isa = PBXVariantGroup;
			children = (
				E94F828D244509C100AF2F34 /* Base */,
			);
			name = LaunchScreen.storyboard;
			sourceTree = "<group>";
		};
/* End PBXVariantGroup section */

/* Begin XCBuildConfiguration section */
		E94F8290244509C100AF2F34 /* Debug */ = {
			isa = XCBuildConfiguration;
			buildSettings = {
				ALWAYS_SEARCH_USER_PATHS = NO;
				CLANG_ANALYZER_NONNULL = YES;
				CLANG_ANALYZER_NUMBER_OBJECT_CONVERSION = YES_AGGRESSIVE;
				CLANG_CXX_LANGUAGE_STANDARD = "gnu++14";
				CLANG_CXX_LIBRARY = "libc++";
				CLANG_ENABLE_MODULES = YES;
				CLANG_ENABLE_OBJC_ARC = YES;
				CLANG_ENABLE_OBJC_WEAK = YES;
				CLANG_WARN_BLOCK_CAPTURE_AUTORELEASING = YES;
				CLANG_WARN_BOOL_CONVERSION = YES;
				CLANG_WARN_COMMA = YES;
				CLANG_WARN_CONSTANT_CONVERSION = YES;
				CLANG_WARN_DEPRECATED_OBJC_IMPLEMENTATIONS = YES;
				CLANG_WARN_DIRECT_OBJC_ISA_USAGE = YES_ERROR;
				CLANG_WARN_DOCUMENTATION_COMMENTS = YES;
				CLANG_WARN_EMPTY_BODY = YES;
				CLANG_WARN_ENUM_CONVERSION = YES;
				CLANG_WARN_INFINITE_RECURSION = YES;
				CLANG_WARN_INT_CONVERSION = YES;
				CLANG_WARN_NON_LITERAL_NULL_CONVERSION = YES;
				CLANG_WARN_OBJC_IMPLICIT_RETAIN_SELF = YES;
				CLANG_WARN_OBJC_LITERAL_CONVERSION = YES;
				CLANG_WARN_OBJC_ROOT_CLASS = YES_ERROR;
				CLANG_WARN_RANGE_LOOP_ANALYSIS = YES;
				CLANG_WARN_STRICT_PROTOTYPES = YES;
				CLANG_WARN_SUSPICIOUS_MOVE = YES;
				CLANG_WARN_UNGUARDED_AVAILABILITY = YES_AGGRESSIVE;
				CLANG_WARN_UNREACHABLE_CODE = YES;
				CLANG_WARN__DUPLICATE_METHOD_MATCH = YES;
				COPY_PHASE_STRIP = NO;
				DEBUG_INFORMATION_FORMAT = dwarf;
				ENABLE_STRICT_OBJC_MSGSEND = YES;
				ENABLE_TESTABILITY = YES;
				GCC_C_LANGUAGE_STANDARD = gnu11;
				GCC_DYNAMIC_NO_PIC = NO;
				GCC_NO_COMMON_BLOCKS = YES;
				GCC_OPTIMIZATION_LEVEL = 0;
				GCC_PREPROCESSOR_DEFINITIONS = (
					"DEBUG=1",
					"$(inherited)",
				);
				GCC_WARN_64_TO_32_BIT_CONVERSION = YES;
				GCC_WARN_ABOUT_RETURN_TYPE = YES_ERROR;
				GCC_WARN_UNDECLARED_SELECTOR = YES;
				GCC_WARN_UNINITIALIZED_AUTOS = YES_AGGRESSIVE;
				GCC_WARN_UNUSED_FUNCTION = YES;
				GCC_WARN_UNUSED_VARIABLE = YES;
				IPHONEOS_DEPLOYMENT_TARGET = 13.4;
				MTL_ENABLE_DEBUG_INFO = INCLUDE_SOURCE;
				MTL_FAST_MATH = YES;
				ONLY_ACTIVE_ARCH = YES;
				SDKROOT = iphoneos;
				SWIFT_ACTIVE_COMPILATION_CONDITIONS = DEBUG;
				SWIFT_OPTIMIZATION_LEVEL = "-Onone";
			};
			name = Debug;
		};
		E94F8291244509C100AF2F34 /* Release */ = {
			isa = XCBuildConfiguration;
			buildSettings = {
				ALWAYS_SEARCH_USER_PATHS = NO;
				CLANG_ANALYZER_NONNULL = YES;
				CLANG_ANALYZER_NUMBER_OBJECT_CONVERSION = YES_AGGRESSIVE;
				CLANG_CXX_LANGUAGE_STANDARD = "gnu++14";
				CLANG_CXX_LIBRARY = "libc++";
				CLANG_ENABLE_MODULES = YES;
				CLANG_ENABLE_OBJC_ARC = YES;
				CLANG_ENABLE_OBJC_WEAK = YES;
				CLANG_WARN_BLOCK_CAPTURE_AUTORELEASING = YES;
				CLANG_WARN_BOOL_CONVERSION = YES;
				CLANG_WARN_COMMA = YES;
				CLANG_WARN_CONSTANT_CONVERSION = YES;
				CLANG_WARN_DEPRECATED_OBJC_IMPLEMENTATIONS = YES;
				CLANG_WARN_DIRECT_OBJC_ISA_USAGE = YES_ERROR;
				CLANG_WARN_DOCUMENTATION_COMMENTS = YES;
				CLANG_WARN_EMPTY_BODY = YES;
				CLANG_WARN_ENUM_CONVERSION = YES;
				CLANG_WARN_INFINITE_RECURSION = YES;
				CLANG_WARN_INT_CONVERSION = YES;
				CLANG_WARN_NON_LITERAL_NULL_CONVERSION = YES;
				CLANG_WARN_OBJC_IMPLICIT_RETAIN_SELF = YES;
				CLANG_WARN_OBJC_LITERAL_CONVERSION = YES;
				CLANG_WARN_OBJC_ROOT_CLASS = YES_ERROR;
				CLANG_WARN_RANGE_LOOP_ANALYSIS = YES;
				CLANG_WARN_STRICT_PROTOTYPES = YES;
				CLANG_WARN_SUSPICIOUS_MOVE = YES;
				CLANG_WARN_UNGUARDED_AVAILABILITY = YES_AGGRESSIVE;
				CLANG_WARN_UNREACHABLE_CODE = YES;
				CLANG_WARN__DUPLICATE_METHOD_MATCH = YES;
				COPY_PHASE_STRIP = NO;
				DEBUG_INFORMATION_FORMAT = "dwarf-with-dsym";
				ENABLE_NS_ASSERTIONS = NO;
				ENABLE_STRICT_OBJC_MSGSEND = YES;
				GCC_C_LANGUAGE_STANDARD = gnu11;
				GCC_NO_COMMON_BLOCKS = YES;
				GCC_WARN_64_TO_32_BIT_CONVERSION = YES;
				GCC_WARN_ABOUT_RETURN_TYPE = YES_ERROR;
				GCC_WARN_UNDECLARED_SELECTOR = YES;
				GCC_WARN_UNINITIALIZED_AUTOS = YES_AGGRESSIVE;
				GCC_WARN_UNUSED_FUNCTION = YES;
				GCC_WARN_UNUSED_VARIABLE = YES;
				IPHONEOS_DEPLOYMENT_TARGET = 13.4;
				MTL_ENABLE_DEBUG_INFO = NO;
				MTL_FAST_MATH = YES;
				SDKROOT = iphoneos;
				SWIFT_COMPILATION_MODE = wholemodule;
				SWIFT_OPTIMIZATION_LEVEL = "-O";
				VALIDATE_PRODUCT = YES;
			};
			name = Release;
		};
		E94F8293244509C100AF2F34 /* Debug */ = {
			isa = XCBuildConfiguration;
			buildSettings = {
				ASSETCATALOG_COMPILER_APPICON_NAME = AppIcon;
				CODE_SIGN_STYLE = Automatic;
				DEVELOPMENT_ASSET_PATHS = "\"SortMyGroceries/Preview Content\"";
				DEVELOPMENT_TEAM = MPR3KZ74HT;
				ENABLE_PREVIEWS = YES;
				INFOPLIST_FILE = SortMyGroceries/Info.plist;
				LD_RUNPATH_SEARCH_PATHS = (
					"$(inherited)",
					"@executable_path/Frameworks",
				);
				PRODUCT_BUNDLE_IDENTIFIER = io.github.thomasebsmith.SortMyGroceries;
				PRODUCT_NAME = "$(TARGET_NAME)";
				SWIFT_VERSION = 5.0;
				TARGETED_DEVICE_FAMILY = "1,2";
			};
			name = Debug;
		};
		E94F8294244509C100AF2F34 /* Release */ = {
			isa = XCBuildConfiguration;
			buildSettings = {
				ASSETCATALOG_COMPILER_APPICON_NAME = AppIcon;
				CODE_SIGN_STYLE = Automatic;
				DEVELOPMENT_ASSET_PATHS = "\"SortMyGroceries/Preview Content\"";
				DEVELOPMENT_TEAM = MPR3KZ74HT;
				ENABLE_PREVIEWS = YES;
				INFOPLIST_FILE = SortMyGroceries/Info.plist;
				LD_RUNPATH_SEARCH_PATHS = (
					"$(inherited)",
					"@executable_path/Frameworks",
				);
				PRODUCT_BUNDLE_IDENTIFIER = io.github.thomasebsmith.SortMyGroceries;
				PRODUCT_NAME = "$(TARGET_NAME)";
				SWIFT_VERSION = 5.0;
				TARGETED_DEVICE_FAMILY = "1,2";
			};
			name = Release;
		};
/* End XCBuildConfiguration section */

/* Begin XCConfigurationList section */
		E94F8276244509BF00AF2F34 /* Build configuration list for PBXProject "SortMyGroceries" */ = {
			isa = XCConfigurationList;
			buildConfigurations = (
				E94F8290244509C100AF2F34 /* Debug */,
				E94F8291244509C100AF2F34 /* Release */,
			);
			defaultConfigurationIsVisible = 0;
			defaultConfigurationName = Release;
		};
		E94F8292244509C100AF2F34 /* Build configuration list for PBXNativeTarget "SortMyGroceries" */ = {
			isa = XCConfigurationList;
			buildConfigurations = (
				E94F8293244509C100AF2F34 /* Debug */,
				E94F8294244509C100AF2F34 /* Release */,
			);
			defaultConfigurationIsVisible = 0;
			defaultConfigurationName = Release;
		};
/* End XCConfigurationList section */

/* Begin XCVersionGroup section */
		E94F8282244509BF00AF2F34 /* SortMyGroceries.xcdatamodeld */ = {
			isa = XCVersionGroup;
			children = (
				E94F8283244509BF00AF2F34 /* SortMyGroceries.xcdatamodel */,
			);
			currentVersion = E94F8283244509BF00AF2F34 /* SortMyGroceries.xcdatamodel */;
			path = SortMyGroceries.xcdatamodeld;
			sourceTree = "<group>";
			versionGroupType = wrapper.xcdatamodel;
		};
/* End XCVersionGroup section */
	};
	rootObject = E94F8273244509BF00AF2F34 /* Project object */;
}
